
Microsoft Visual Studio Solution File, Format Version 12.00
# Visual Studio 15
VisualStudioVersion = 15.0.28307.705
MinimumVisualStudioVersion = 10.0.40219.1
Project("{F2A71F9B-5D33-465A-A702-920D77279786}") = "TravelPolp", "TravelPolp\TravelPolp.fsproj", "{BB257100-4DA3-4CDF-A513-2C471CCD1F4B}"
EndProject
Global
	GlobalSection(SolutionConfigurationPlatforms) = preSolution
		Debug|Any CPU = Debug|Any CPU
		Release|Any CPU = Release|Any CPU
	EndGlobalSection
	GlobalSection(ProjectConfigurationPlatforms) = postSolution
		{BB257100-4DA3-4CDF-A513-2C471CCD1F4B}.Debug|Any CPU.ActiveCfg = Debug|Any CPU
		{BB257100-4DA3-4CDF-A513-2C471CCD1F4B}.Debug|Any CPU.Build.0 = Debug|Any CPU
		{BB257100-4DA3-4CDF-A513-2C471CCD1F4B}.Release|Any CPU.ActiveCfg = Release|Any CPU
		{BB257100-4DA3-4CDF-A513-2C471CCD1F4B}.Release|Any CPU.Build.0 = Release|Any CPU
	EndGlobalSection
	GlobalSection(SolutionProperties) = preSolution
		HideSolutionNode = FALSE
	EndGlobalSection
	GlobalSection(ExtensibilityGlobals) = postSolution
		SolutionGuid = {03829AE6-DF16-4F1B-9C9A-A82218F73BE8}
	EndGlobalSection
EndGlobal
